
Microsoft Visual Studio Solution File, Format Version 12.00
# Visual Studio Version 17
VisualStudioVersion = 17.4.33213.308
MinimumVisualStudioVersion = 10.0.40219.1
Project("{8BC9CEB8-8B4A-11D0-8D11-00A0C91BC942}") = "Project16", "Project16.vcxproj", "{A8CF4288-DF65-46AF-B856-DB6AD01B5EB1}"
EndProject
Global
	GlobalSection(SolutionConfigurationPlatforms) = preSolution
		Debug|x64 = Debug|x64
		Debug|x86 = Debug|x86
		Release|x64 = Release|x64
		Release|x86 = Release|x86
	EndGlobalSection
	GlobalSection(ProjectConfigurationPlatforms) = postSolution
		{A8CF4288-DF65-46AF-B856-DB6AD01B5EB1}.Debug|x64.ActiveCfg = Debug|x64
		{A8CF4288-DF65-46AF-B856-DB6AD01B5EB1}.Debug|x64.Build.0 = Debug|x64
		{A8CF4288-DF65-46AF-B856-DB6AD01B5EB1}.Debug|x86.ActiveCfg = Debug|Win32
		{A8CF4288-DF65-46AF-B856-DB6AD01B5EB1}.Debug|x86.Build.0 = Debug|Win32
		{A8CF4288-DF65-46AF-B856-DB6AD01B5EB1}.Release|x64.ActiveCfg = Release|x64
		{A8CF4288-DF65-46AF-B856-DB6AD01B5EB1}.Release|x64.Build.0 = Release|x64
		{A8CF4288-DF65-46AF-B856-DB6AD01B5EB1}.Release|x86.ActiveCfg = Release|Win32
		{A8CF4288-DF65-46AF-B856-DB6AD01B5EB1}.Release|x86.Build.0 = Release|Win32
	EndGlobalSection
	GlobalSection(SolutionProperties) = preSolution
		HideSolutionNode = FALSE
	EndGlobalSection
	GlobalSection(ExtensibilityGlobals) = postSolution
		SolutionGuid = {E08D6B20-FA1E-445C-9EA3-4731617992B2}
	EndGlobalSection
EndGlobal
